
Microsoft Visual Studio Solution File, Format Version 12.00
# Visual Studio Version 18
VisualStudioVersion = 18.2.11408.102
MinimumVisualStudioVersion = 10.0.40219.1
Project("{FAE04EC0-301F-11D3-BF4B-00C04F79EFBC}") = "SaturdayPulse.Api", "SaturdayPulse.Api\SaturdayPulse.Api.csproj", "{51BCA747-4CF1-A12B-A505-68C256C9F7CA}"
EndProject
Project("{FAE04EC0-301F-11D3-BF4B-00C04F79EFBC}") = "SaturdayPulse.Mobile", "SaturdayPulse.Mobile\SaturdayPulse.Mobile.csproj", "{ABFC2103-B954-4616-9CBE-025EFA8B8E00}"
EndProject
Project("{2150E333-8FDC-42A3-9474-1A3956D46DE8}") = "Solution Items", "Solution Items", "{39CFB065-3EF4-4DF6-85A9-4B02D470F7B5}"
	ProjectSection(SolutionItems) = preProject
		FEATURE_IDEAS.md = FEATURE_IDEAS.md
	EndProjectSection
EndProject
Project("{2150E333-8FDC-42A3-9474-1A3956D46DE8}") = "Documentation", "Documentation", "{38BDB5E8-1C75-4508-ADB2-3551CB85C1E1}"
	ProjectSection(SolutionItems) = preProject
		Documentation\Admin_Operations_Guide.md = Documentation\Admin_Operations_Guide.md
		Documentation\API_Architecture.md = Documentation\API_Architecture.md
		Documentation\Endpoint_Reference.md = Documentation\Endpoint_Reference.md
		Documentation\Features_Ideas.md = Documentation\Features_Ideas.md
		Documentation\TeamMetrics_Documentation.md = Documentation\TeamMetrics_Documentation.md
		Documentation\User_Guide.md = Documentation\User_Guide.md
	EndProjectSection
EndProject
Global
	GlobalSection(SolutionConfigurationPlatforms) = preSolution
		Debug|Any CPU = Debug|Any CPU
		Debug|x64 = Debug|x64
		Debug|x86 = Debug|x86
		Release|Any CPU = Release|Any CPU
		Release|x64 = Release|x64
		Release|x86 = Release|x86
	EndGlobalSection
	GlobalSection(ProjectConfigurationPlatforms) = postSolution
		{51BCA747-4CF1-A12B-A505-68C256C9F7CA}.Debug|Any CPU.ActiveCfg = Debug|Any CPU
		{51BCA747-4CF1-A12B-A505-68C256C9F7CA}.Debug|Any CPU.Build.0 = Debug|Any CPU
		{51BCA747-4CF1-A12B-A505-68C256C9F7CA}.Debug|x64.ActiveCfg = Debug|Any CPU
		{51BCA747-4CF1-A12B-A505-68C256C9F7CA}.Debug|x64.Build.0 = Debug|Any CPU
		{51BCA747-4CF1-A12B-A505-68C256C9F7CA}.Debug|x86.ActiveCfg = Debug|Any CPU
		{51BCA747-4CF1-A12B-A505-68C256C9F7CA}.Debug|x86.Build.0 = Debug|Any CPU
		{51BCA747-4CF1-A12B-A505-68C256C9F7CA}.Release|Any CPU.ActiveCfg = Release|Any CPU
		{51BCA747-4CF1-A12B-A505-68C256C9F7CA}.Release|Any CPU.Build.0 = Release|Any CPU
		{51BCA747-4CF1-A12B-A505-68C256C9F7CA}.Release|x64.ActiveCfg = Release|Any CPU
		{51BCA747-4CF1-A12B-A505-68C256C9F7CA}.Release|x64.Build.0 = Release|Any CPU
		{51BCA747-4CF1-A12B-A505-68C256C9F7CA}.Release|x86.ActiveCfg = Release|Any CPU
		{51BCA747-4CF1-A12B-A505-68C256C9F7CA}.Release|x86.Build.0 = Release|Any CPU
		{ABFC2103-B954-4616-9CBE-025EFA8B8E00}.Debug|Any CPU.ActiveCfg = Debug|Any CPU
		{ABFC2103-B954-4616-9CBE-025EFA8B8E00}.Debug|Any CPU.Build.0 = Debug|Any CPU
		{ABFC2103-B954-4616-9CBE-025EFA8B8E00}.Debug|Any CPU.Deploy.0 = Debug|Any CPU
		{ABFC2103-B954-4616-9CBE-025EFA8B8E00}.Debug|x64.ActiveCfg = Debug|Any CPU
		{ABFC2103-B954-4616-9CBE-025EFA8B8E00}.Debug|x64.Build.0 = Debug|Any CPU
		{ABFC2103-B954-4616-9CBE-025EFA8B8E00}.Debug|x64.Deploy.0 = Debug|Any CPU
		{ABFC2103-B954-4616-9CBE-025EFA8B8E00}.Debug|x86.ActiveCfg = Debug|Any CPU
		{ABFC2103-B954-4616-9CBE-025EFA8B8E00}.Debug|x86.Build.0 = Debug|Any CPU
		{ABFC2103-B954-4616-9CBE-025EFA8B8E00}.Release|Any CPU.ActiveCfg = Release|Any CPU
		{ABFC2103-B954-4616-9CBE-025EFA8B8E00}.Release|Any CPU.Build.0 = Release|Any CPU
		{ABFC2103-B954-4616-9CBE-025EFA8B8E00}.Release|x64.ActiveCfg = Release|Any CPU
		{ABFC2103-B954-4616-9CBE-025EFA8B8E00}.Release|x64.Build.0 = Release|Any CPU
		{ABFC2103-B954-4616-9CBE-025EFA8B8E00}.Release|x86.ActiveCfg = Release|Any CPU
		{ABFC2103-B954-4616-9CBE-025EFA8B8E00}.Release|x86.Build.0 = Release|Any CPU
	EndGlobalSection
	GlobalSection(SolutionProperties) = preSolution
		HideSolutionNode = FALSE
	EndGlobalSection
	GlobalSection(ExtensibilityGlobals) = postSolution
		SolutionGuid = {D9925AAB-4D42-45D8-91BA-BF16347D5628}
	EndGlobalSection
EndGlobal
